
Microsoft Visual Studio Solution File, Format Version 12.00
# Visual Studio Version 16
VisualStudioVersion = 16.0.32802.440
MinimumVisualStudioVersion = 10.0.40219.1
Project("{FAE04EC0-301F-11D3-BF4B-00C04F79EFBC}") = "DB_application", "DB_application\DB_application.csproj", "{30ECB4A7-E74E-4246-A658-40DF9D9B2B08}"
EndProject
Global
	GlobalSection(SolutionConfigurationPlatforms) = preSolution
		Debug|Any CPU = Debug|Any CPU
		Release|Any CPU = Release|Any CPU
	EndGlobalSection
	GlobalSection(ProjectConfigurationPlatforms) = postSolution
		{30ECB4A7-E74E-4246-A658-40DF9D9B2B08}.Debug|Any CPU.ActiveCfg = Debug|Any CPU
		{30ECB4A7-E74E-4246-A658-40DF9D9B2B08}.Debug|Any CPU.Build.0 = Debug|Any CPU
		{30ECB4A7-E74E-4246-A658-40DF9D9B2B08}.Release|Any CPU.ActiveCfg = Release|Any CPU
		{30ECB4A7-E74E-4246-A658-40DF9D9B2B08}.Release|Any CPU.Build.0 = Release|Any CPU
	EndGlobalSection
	GlobalSection(SolutionProperties) = preSolution
		HideSolutionNode = FALSE
	EndGlobalSection
	GlobalSection(ExtensibilityGlobals) = postSolution
		SolutionGuid = {94FB6D77-325B-4D4C-B582-3DB8AEBB8897}
	EndGlobalSection
EndGlobal
